
Microsoft Visual Studio Solution File, Format Version 12.00
# Visual Studio Version 16
VisualStudioVersion = 16.0.30621.155
MinimumVisualStudioVersion = 10.0.40219.1
Project("{FAE04EC0-301F-11D3-BF4B-00C04F79EFBC}") = "Tron", "Tron\Tron.csproj", "{6B8BA878-D780-4D39-A1B4-AE33BCC6A27E}"
EndProject
Global
	GlobalSection(SolutionConfigurationPlatforms) = preSolution
		Debug|Any CPU = Debug|Any CPU
		Release|Any CPU = Release|Any CPU
	EndGlobalSection
	GlobalSection(ProjectConfigurationPlatforms) = postSolution
		{6B8BA878-D780-4D39-A1B4-AE33BCC6A27E}.Debug|Any CPU.ActiveCfg = Debug|Any CPU
		{6B8BA878-D780-4D39-A1B4-AE33BCC6A27E}.Debug|Any CPU.Build.0 = Debug|Any CPU
		{6B8BA878-D780-4D39-A1B4-AE33BCC6A27E}.Release|Any CPU.ActiveCfg = Release|Any CPU
		{6B8BA878-D780-4D39-A1B4-AE33BCC6A27E}.Release|Any CPU.Build.0 = Release|Any CPU
	EndGlobalSection
	GlobalSection(SolutionProperties) = preSolution
		HideSolutionNode = FALSE
	EndGlobalSection
	GlobalSection(ExtensibilityGlobals) = postSolution
		SolutionGuid = {DEBF1159-E774-41B7-9D4A-37DA97DF93D2}
	EndGlobalSection
EndGlobal
